
Microsoft Visual Studio Solution File, Format Version 12.00
# Visual Studio Version 17
VisualStudioVersion = 17.7.33711.374
MinimumVisualStudioVersion = 10.0.40219.1
Project("{9A19103F-16F7-4668-BE54-9A1E7A4F7556}") = "HomebrewWarlock", "HomebrewWarlock\HomebrewWarlock.csproj", "{C8C588E9-B1E1-4064-B3DD-D75829255431}"
EndProject
Project("{2150E333-8FDC-42A3-9474-1A3956D46DE8}") = "Solution Items", "Solution Items", "{A0758744-3643-460E-B4BD-0FA967E40766}"
	ProjectSection(SolutionItems) = preProject
		global.json = global.json
		LICENSE.txt = LICENSE.txt
	EndProjectSection
EndProject
Global
	GlobalSection(SolutionConfigurationPlatforms) = preSolution
		Debug|Any CPU = Debug|Any CPU
		Release|Any CPU = Release|Any CPU
	EndGlobalSection
	GlobalSection(ProjectConfigurationPlatforms) = postSolution
		{C8C588E9-B1E1-4064-B3DD-D75829255431}.Debug|Any CPU.ActiveCfg = Debug|Any CPU
		{C8C588E9-B1E1-4064-B3DD-D75829255431}.Debug|Any CPU.Build.0 = Debug|Any CPU
		{C8C588E9-B1E1-4064-B3DD-D75829255431}.Release|Any CPU.ActiveCfg = Release|Any CPU
		{C8C588E9-B1E1-4064-B3DD-D75829255431}.Release|Any CPU.Build.0 = Release|Any CPU
	EndGlobalSection
	GlobalSection(SolutionProperties) = preSolution
		HideSolutionNode = FALSE
	EndGlobalSection
	GlobalSection(ExtensibilityGlobals) = postSolution
		SolutionGuid = {0219FAEC-69FE-4B1E-9F23-9D48C23D854E}
	EndGlobalSection
EndGlobal
